
Microsoft Visual Studio Solution File, Format Version 12.00
# Visual Studio Version 17
VisualStudioVersion = 17.3.32804.467
MinimumVisualStudioVersion = 10.0.40219.1
Project("{FAE04EC0-301F-11D3-BF4B-00C04F79EFBC}") = "prac1", "prac1\prac1.csproj", "{A03BF036-6AF8-4932-B01A-F24F78B2664D}"
EndProject
Global
	GlobalSection(SolutionConfigurationPlatforms) = preSolution
		Debug|Any CPU = Debug|Any CPU
		Release|Any CPU = Release|Any CPU
	EndGlobalSection
	GlobalSection(ProjectConfigurationPlatforms) = postSolution
		{A03BF036-6AF8-4932-B01A-F24F78B2664D}.Debug|Any CPU.ActiveCfg = Debug|Any CPU
		{A03BF036-6AF8-4932-B01A-F24F78B2664D}.Debug|Any CPU.Build.0 = Debug|Any CPU
		{A03BF036-6AF8-4932-B01A-F24F78B2664D}.Release|Any CPU.ActiveCfg = Release|Any CPU
		{A03BF036-6AF8-4932-B01A-F24F78B2664D}.Release|Any CPU.Build.0 = Release|Any CPU
	EndGlobalSection
	GlobalSection(SolutionProperties) = preSolution
		HideSolutionNode = FALSE
	EndGlobalSection
	GlobalSection(ExtensibilityGlobals) = postSolution
		SolutionGuid = {72B11CB2-7F98-430C-A4E4-0AC35B42AD7C}
	EndGlobalSection
EndGlobal
